
Microsoft Visual Studio Solution File, Format Version 12.00
# Visual Studio Version 17
VisualStudioVersion = 17.1.32421.90
MinimumVisualStudioVersion = 10.0.40219.1
Project("{FAE04EC0-301F-11D3-BF4B-00C04F79EFBC}") = "AliceIdentityService", "AliceIdentityService\AliceIdentityService.csproj", "{4FF5F55A-1980-484F-94B1-354E230CC93E}"
EndProject
Global
	GlobalSection(SolutionConfigurationPlatforms) = preSolution
		Debug|Any CPU = Debug|Any CPU
		Release|Any CPU = Release|Any CPU
	EndGlobalSection
	GlobalSection(ProjectConfigurationPlatforms) = postSolution
		{4FF5F55A-1980-484F-94B1-354E230CC93E}.Debug|Any CPU.ActiveCfg = Debug|Any CPU
		{4FF5F55A-1980-484F-94B1-354E230CC93E}.Debug|Any CPU.Build.0 = Debug|Any CPU
		{4FF5F55A-1980-484F-94B1-354E230CC93E}.Release|Any CPU.ActiveCfg = Release|Any CPU
		{4FF5F55A-1980-484F-94B1-354E230CC93E}.Release|Any CPU.Build.0 = Release|Any CPU
	EndGlobalSection
	GlobalSection(SolutionProperties) = preSolution
		HideSolutionNode = FALSE
	EndGlobalSection
	GlobalSection(ExtensibilityGlobals) = postSolution
		SolutionGuid = {013A3E1B-8FA3-4253-A30D-E3E16FC8CEB3}
	EndGlobalSection
EndGlobal
